
Microsoft Visual Studio Solution File, Format Version 12.00
# Visual Studio Version 16
VisualStudioVersion = 16.0.28809.33
MinimumVisualStudioVersion = 10.0.40219.1
Project("{FAE04EC0-301F-11D3-BF4B-00C04F79EFBC}") = "BilateralNews", "BilateralNews.csproj", "{248E7166-6280-486E-9CC1-A147D3B38ECC}"
EndProject
Global
	GlobalSection(SolutionConfigurationPlatforms) = preSolution
		Debug|Any CPU = Debug|Any CPU
		Release|Any CPU = Release|Any CPU
	EndGlobalSection
	GlobalSection(ProjectConfigurationPlatforms) = postSolution
		{248E7166-6280-486E-9CC1-A147D3B38ECC}.Debug|Any CPU.ActiveCfg = Debug|Any CPU
		{248E7166-6280-486E-9CC1-A147D3B38ECC}.Debug|Any CPU.Build.0 = Debug|Any CPU
		{248E7166-6280-486E-9CC1-A147D3B38ECC}.Release|Any CPU.ActiveCfg = Release|Any CPU
		{248E7166-6280-486E-9CC1-A147D3B38ECC}.Release|Any CPU.Build.0 = Release|Any CPU
	EndGlobalSection
	GlobalSection(SolutionProperties) = preSolution
		HideSolutionNode = FALSE
	EndGlobalSection
	GlobalSection(ExtensibilityGlobals) = postSolution
		SolutionGuid = {E22B6278-4C44-4A08-B102-ED24B634983C}
	EndGlobalSection
EndGlobal
